// !$*UTF8*$!
{
	archiveVersion = 1;
	classes = {
	};
	objectVersion = 50;
	objects = {

/* Begin PBXBuildFile section */
		8A15DAF3269225A300F1ABE7 /* AppDelegate.m in Sources */ = {isa = PBXBuildFile; fileRef = 8A15DAF2269225A300F1ABE7 /* AppDelegate.m */; };
		8A15DAFE269225A400F1ABE7 /* Assets.xcassets in Resources */ = {isa = PBXBuildFile; fileRef = 8A15DAFD269225A400F1ABE7 /* Assets.xcassets */; };
		8A15DB04269225A400F1ABE7 /* main.m in Sources */ = {isa = PBXBuildFile; fileRef = 8A15DB03269225A400F1ABE7 /* main.m */; };
		8A15DB0D2692269600F1ABE7 /* RegistrationVC.m in Sources */ = {isa = PBXBuildFile; fileRef = 8A15DB0B2692269600F1ABE7 /* RegistrationVC.m */; };
		8A15DB0E2692269600F1ABE7 /* RegistrationVC.xib in Resources */ = {isa = PBXBuildFile; fileRef = 8A15DB0C2692269600F1ABE7 /* RegistrationVC.xib */; };
		8A15DB142692281A00F1ABE7 /* RSSchoolLabel.m in Sources */ = {isa = PBXBuildFile; fileRef = 8A15DB132692281A00F1ABE7 /* RSSchoolLabel.m */; };
		8A15DB192692435600F1ABE7 /* LoginTextField.m in Sources */ = {isa = PBXBuildFile; fileRef = 8A15DB182692435600F1ABE7 /* LoginTextField.m */; };
		8A15DB1C269244FB00F1ABE7 /* PasswordTextField.m in Sources */ = {isa = PBXBuildFile; fileRef = 8A15DB1B269244FB00F1ABE7 /* PasswordTextField.m */; };
		8A15DB1F26924A7300F1ABE7 /* AuthorizeButton.m in Sources */ = {isa = PBXBuildFile; fileRef = 8A15DB1E26924A7300F1ABE7 /* AuthorizeButton.m */; };
		8A15DB2226924D0300F1ABE7 /* SecureNumber.m in Sources */ = {isa = PBXBuildFile; fileRef = 8A15DB2126924D0300F1ABE7 /* SecureNumber.m */; };
/* End PBXBuildFile section */

/* Begin PBXFileReference section */
		8A15DAEE269225A300F1ABE7 /* rs.ios.stage-task7.app */ = {isa = PBXFileReference; explicitFileType = wrapper.application; includeInIndex = 0; path = "rs.ios.stage-task7.app"; sourceTree = BUILT_PRODUCTS_DIR; };
		8A15DAF1269225A300F1ABE7 /* AppDelegate.h */ = {isa = PBXFileReference; lastKnownFileType = sourcecode.c.h; path = AppDelegate.h; sourceTree = "<group>"; };
		8A15DAF2269225A300F1ABE7 /* AppDelegate.m */ = {isa = PBXFileReference; lastKnownFileType = sourcecode.c.objc; path = AppDelegate.m; sourceTree = "<group>"; };
		8A15DAFD269225A400F1ABE7 /* Assets.xcassets */ = {isa = PBXFileReference; lastKnownFileType = folder.assetcatalog; path = Assets.xcassets; sourceTree = "<group>"; };
		8A15DB03269225A400F1ABE7 /* main.m */ = {isa = PBXFileReference; lastKnownFileType = sourcecode.c.objc; path = main.m; sourceTree = "<group>"; };
		8A15DB0A2692269600F1ABE7 /* RegistrationVC.h */ = {isa = PBXFileReference; lastKnownFileType = sourcecode.c.h; path = RegistrationVC.h; sourceTree = "<group>"; };
		8A15DB0B2692269600F1ABE7 /* RegistrationVC.m */ = {isa = PBXFileReference; lastKnownFileType = sourcecode.c.objc; path = RegistrationVC.m; sourceTree = "<group>"; };
		8A15DB0C2692269600F1ABE7 /* RegistrationVC.xib */ = {isa = PBXFileReference; lastKnownFileType = file.xib; path = RegistrationVC.xib; sourceTree = "<group>"; };
		8A15DB122692281A00F1ABE7 /* RSSchoolLabel.h */ = {isa = PBXFileReference; lastKnownFileType = sourcecode.c.h; path = RSSchoolLabel.h; sourceTree = "<group>"; };
		8A15DB132692281A00F1ABE7 /* RSSchoolLabel.m */ = {isa = PBXFileReference; lastKnownFileType = sourcecode.c.objc; path = RSSchoolLabel.m; sourceTree = "<group>"; };
		8A15DB172692435600F1ABE7 /* LoginTextField.h */ = {isa = PBXFileReference; lastKnownFileType = sourcecode.c.h; path = LoginTextField.h; sourceTree = "<group>"; };
		8A15DB182692435600F1ABE7 /* LoginTextField.m */ = {isa = PBXFileReference; lastKnownFileType = sourcecode.c.objc; path = LoginTextField.m; sourceTree = "<group>"; };
		8A15DB1A269244FB00F1ABE7 /* PasswordTextField.h */ = {isa = PBXFileReference; lastKnownFileType = sourcecode.c.h; path = PasswordTextField.h; sourceTree = "<group>"; };
		8A15DB1B269244FB00F1ABE7 /* PasswordTextField.m */ = {isa = PBXFileReference; lastKnownFileType = sourcecode.c.objc; path = PasswordTextField.m; sourceTree = "<group>"; };
		8A15DB1D26924A7300F1ABE7 /* AuthorizeButton.h */ = {isa = PBXFileReference; lastKnownFileType = sourcecode.c.h; path = AuthorizeButton.h; sourceTree = "<group>"; };
		8A15DB1E26924A7300F1ABE7 /* AuthorizeButton.m */ = {isa = PBXFileReference; lastKnownFileType = sourcecode.c.objc; path = AuthorizeButton.m; sourceTree = "<group>"; };
		8A15DB2026924D0300F1ABE7 /* SecureNumber.h */ = {isa = PBXFileReference; lastKnownFileType = sourcecode.c.h; path = SecureNumber.h; sourceTree = "<group>"; };
		8A15DB2126924D0300F1ABE7 /* SecureNumber.m */ = {isa = PBXFileReference; lastKnownFileType = sourcecode.c.objc; path = SecureNumber.m; sourceTree = "<group>"; };
/* End PBXFileReference section */

/* Begin PBXFrameworksBuildPhase section */
		8A15DAEB269225A300F1ABE7 /* Frameworks */ = {
			isa = PBXFrameworksBuildPhase;
			buildActionMask = 2147483647;
			files = (
			);
			runOnlyForDeploymentPostprocessing = 0;
		};
/* End PBXFrameworksBuildPhase section */

/* Begin PBXGroup section */
		8A15DAE5269225A300F1ABE7 = {
			isa = PBXGroup;
			children = (
				8A15DAF1269225A300F1ABE7 /* AppDelegate.h */,
				8A15DAF2269225A300F1ABE7 /* AppDelegate.m */,
				8A15DB03269225A400F1ABE7 /* main.m */,
				8A15DB0A2692269600F1ABE7 /* RegistrationVC.h */,
				8A15DB0B2692269600F1ABE7 /* RegistrationVC.m */,
				8A15DB0C2692269600F1ABE7 /* RegistrationVC.xib */,
				8A15DB122692281A00F1ABE7 /* RSSchoolLabel.h */,
				8A15DB132692281A00F1ABE7 /* RSSchoolLabel.m */,
				8A15DB172692435600F1ABE7 /* LoginTextField.h */,
				8A15DB182692435600F1ABE7 /* LoginTextField.m */,
				8A15DB1A269244FB00F1ABE7 /* PasswordTextField.h */,
				8A15DB1B269244FB00F1ABE7 /* PasswordTextField.m */,
				8A15DB1D26924A7300F1ABE7 /* AuthorizeButton.h */,
				8A15DB1E26924A7300F1ABE7 /* AuthorizeButton.m */,
				8A15DB2026924D0300F1ABE7 /* SecureNumber.h */,
				8A15DB2126924D0300F1ABE7 /* SecureNumber.m */,
				8A15DAFD269225A400F1ABE7 /* Assets.xcassets */,
				8A15DAEF269225A300F1ABE7 /* Products */,
			);
			sourceTree = "<group>";
		};
		8A15DAEF269225A300F1ABE7 /* Products */ = {
			isa = PBXGroup;
			children = (
				8A15DAEE269225A300F1ABE7 /* rs.ios.stage-task7.app */,
			);
			name = Products;
			sourceTree = "<group>";
		};
/* End PBXGroup section */

/* Begin PBXNativeTarget section */
		8A15DAED269225A300F1ABE7 /* rs.ios.stage-task7 */ = {
			isa = PBXNativeTarget;
			buildConfigurationList = 8A15DB07269225A400F1ABE7 /* Build configuration list for PBXNativeTarget "rs.ios.stage-task7" */;
			buildPhases = (
				8A15DAEA269225A300F1ABE7 /* Sources */,
				8A15DAEB269225A300F1ABE7 /* Frameworks */,
				8A15DAEC269225A300F1ABE7 /* Resources */,
			);
			buildRules = (
			);
			dependencies = (
			);
			name = "rs.ios.stage-task7";
			productName = Task7;
			productReference = 8A15DAEE269225A300F1ABE7 /* rs.ios.stage-task7.app */;
			productType = "com.apple.product-type.application";
		};
/* End PBXNativeTarget section */

/* Begin PBXProject section */
		8A15DAE6269225A300F1ABE7 /* Project object */ = {
			isa = PBXProject;
			attributes = {
				LastUpgradeCheck = 1240;
				ORGANIZATIONNAME = "";
				TargetAttributes = {
					8A15DAED269225A300F1ABE7 = {
						CreatedOnToolsVersion = 11.3.1;
					};
				};
			};
			buildConfigurationList = 8A15DAE9269225A300F1ABE7 /* Build configuration list for PBXProject "rs.ios.stage-task7" */;
			compatibilityVersion = "Xcode 9.3";
			developmentRegion = en;
			hasScannedForEncodings = 0;
			knownRegions = (
				en,
				Base,
			);
			mainGroup = 8A15DAE5269225A300F1ABE7;
			productRefGroup = 8A15DAEF269225A300F1ABE7 /* Products */;
			projectDirPath = "";
			projectRoot = "";
			targets = (
				8A15DAED269225A300F1ABE7 /* rs.ios.stage-task7 */,
			);
		};
/* End PBXProject section */

/* Begin PBXResourcesBuildPhase section */
		8A15DAEC269225A300F1ABE7 /* Resources */ = {
			isa = PBXResourcesBuildPhase;
			buildActionMask = 2147483647;
			files = (
				8A15DB0E2692269600F1ABE7 /* RegistrationVC.xib in Resources */,
				8A15DAFE269225A400F1ABE7 /* Assets.xcassets in Resources */,
			);
			runOnlyForDeploymentPostprocessing = 0;
		};
/* End PBXResourcesBuildPhase section */

/* Begin PBXSourcesBuildPhase section */
		8A15DAEA269225A300F1ABE7 /* Sources */ = {
			isa = PBXSourcesBuildPhase;
			buildActionMask = 2147483647;
			files = (
				8A15DB0D2692269600F1ABE7 /* RegistrationVC.m in Sources */,
				8A15DB2226924D0300F1ABE7 /* SecureNumber.m in Sources */,
				8A15DAF3269225A300F1ABE7 /* AppDelegate.m in Sources */,
				8A15DB1C269244FB00F1ABE7 /* PasswordTextField.m in Sources */,
				8A15DB1F26924A7300F1ABE7 /* AuthorizeButton.m in Sources */,
				8A15DB04269225A400F1ABE7 /* main.m in Sources */,
				8A15DB142692281A00F1ABE7 /* RSSchoolLabel.m in Sources */,
				8A15DB192692435600F1ABE7 /* LoginTextField.m in Sources */,
			);
			runOnlyForDeploymentPostprocessing = 0;
		};
/* End PBXSourcesBuildPhase section */

/* Begin XCBuildConfiguration section */
		8A15DB05269225A400F1ABE7 /* Debug */ = {
			isa = XCBuildConfiguration;
			buildSettings = {
				ALWAYS_SEARCH_USER_PATHS = NO;
				CLANG_ANALYZER_NONNULL = YES;
				CLANG_ANALYZER_NUMBER_OBJECT_CONVERSION = YES_AGGRESSIVE;
				CLANG_CXX_LANGUAGE_STANDARD = "gnu++14";
				CLANG_CXX_LIBRARY = "libc++";
				CLANG_ENABLE_MODULES = YES;
				CLANG_ENABLE_OBJC_ARC = YES;
				CLANG_ENABLE_OBJC_WEAK = YES;
				CLANG_WARN_BLOCK_CAPTURE_AUTORELEASING = YES;
				CLANG_WARN_BOOL_CONVERSION = YES;
				CLANG_WARN_COMMA = YES;
				CLANG_WARN_CONSTANT_CONVERSION = YES;
				CLANG_WARN_DEPRECATED_OBJC_IMPLEMENTATIONS = YES;
				CLANG_WARN_DIRECT_OBJC_ISA_USAGE = YES_ERROR;
				CLANG_WARN_DOCUMENTATION_COMMENTS = YES;
				CLANG_WARN_EMPTY_BODY = YES;
				CLANG_WARN_ENUM_CONVERSION = YES;
				CLANG_WARN_INFINITE_RECURSION = YES;
				CLANG_WARN_INT_CONVERSION = YES;
				CLANG_WARN_NON_LITERAL_NULL_CONVERSION = YES;
				CLANG_WARN_OBJC_IMPLICIT_RETAIN_SELF = YES;
				CLANG_WARN_OBJC_LITERAL_CONVERSION = YES;
				CLANG_WARN_OBJC_ROOT_CLASS = YES_ERROR;
				CLANG_WARN_QUOTED_INCLUDE_IN_FRAMEWORK_HEADER = YES;
				CLANG_WARN_RANGE_LOOP_ANALYSIS = YES;
				CLANG_WARN_STRICT_PROTOTYPES = YES;
				CLANG_WARN_SUSPICIOUS_MOVE = YES;
				CLANG_WARN_UNGUARDED_AVAILABILITY = YES_AGGRESSIVE;
				CLANG_WARN_UNREACHABLE_CODE = YES;
				CLANG_WARN__DUPLICATE_METHOD_MATCH = YES;
				COPY_PHASE_STRIP = NO;
				DEBUG_INFORMATION_FORMAT = dwarf;
				ENABLE_STRICT_OBJC_MSGSEND = YES;
				ENABLE_TESTABILITY = YES;
				GCC_C_LANGUAGE_STANDARD = gnu11;
				GCC_DYNAMIC_NO_PIC = NO;
				GCC_NO_COMMON_BLOCKS = YES;
				GCC_OPTIMIZATION_LEVEL = 0;
				GCC_PREPROCESSOR_DEFINITIONS = (
					"DEBUG=1",
					"$(inherited)",
				);
				GCC_WARN_64_TO_32_BIT_CONVERSION = YES;
				GCC_WARN_ABOUT_RETURN_TYPE = YES_ERROR;
				GCC_WARN_UNDECLARED_SELECTOR = YES;
				GCC_WARN_UNINITIALIZED_AUTOS = YES_AGGRESSIVE;
				GCC_WARN_UNUSED_FUNCTION = YES;
				GCC_WARN_UNUSED_VARIABLE = YES;
				IPHONEOS_DEPLOYMENT_TARGET = 12.1;
				MTL_ENABLE_DEBUG_INFO = INCLUDE_SOURCE;
				MTL_FAST_MATH = YES;
				ONLY_ACTIVE_ARCH = YES;
				SDKROOT = iphoneos;
			};
			name = Debug;
		};
		8A15DB06269225A400F1ABE7 /* Release */ = {
			isa = XCBuildConfiguration;
			buildSettings = {
				ALWAYS_SEARCH_USER_PATHS = NO;
				CLANG_ANALYZER_NONNULL = YES;
				CLANG_ANALYZER_NUMBER_OBJECT_CONVERSION = YES_AGGRESSIVE;
				CLANG_CXX_LANGUAGE_STANDARD = "gnu++14";
				CLANG_CXX_LIBRARY = "libc++";
				CLANG_ENABLE_MODULES = YES;
				CLANG_ENABLE_OBJC_ARC = YES;
				CLANG_ENABLE_OBJC_WEAK = YES;
				CLANG_WARN_BLOCK_CAPTURE_AUTORELEASING = YES;
				CLANG_WARN_BOOL_CONVERSION = YES;
				CLANG_WARN_COMMA = YES;
				CLANG_WARN_CONSTANT_CONVERSION = YES;
				CLANG_WARN_DEPRECATED_OBJC_IMPLEMENTATIONS = YES;
				CLANG_WARN_DIRECT_OBJC_ISA_USAGE = YES_ERROR;
				CLANG_WARN_DOCUMENTATION_COMMENTS = YES;
				CLANG_WARN_EMPTY_BODY = YES;
				CLANG_WARN_ENUM_CONVERSION = YES;
				CLANG_WARN_INFINITE_RECURSION = YES;
				CLANG_WARN_INT_CONVERSION = YES;
				CLANG_WARN_NON_LITERAL_NULL_CONVERSION = YES;
				CLANG_WARN_OBJC_IMPLICIT_RETAIN_SELF = YES;
				CLANG_WARN_OBJC_LITERAL_CONVERSION = YES;
				CLANG_WARN_OBJC_ROOT_CLASS = YES_ERROR;
				CLANG_WARN_QUOTED_INCLUDE_IN_FRAMEWORK_HEADER = YES;
				CLANG_WARN_RANGE_LOOP_ANALYSIS = YES;
				CLANG_WARN_STRICT_PROTOTYPES = YES;
				CLANG_WARN_SUSPICIOUS_MOVE = YES;
				CLANG_WARN_UNGUARDED_AVAILABILITY = YES_AGGRESSIVE;
				CLANG_WARN_UNREACHABLE_CODE = YES;
				CLANG_WARN__DUPLICATE_METHOD_MATCH = YES;
				COPY_PHASE_STRIP = NO;
				DEBUG_INFORMATION_FORMAT = "dwarf-with-dsym";
				ENABLE_NS_ASSERTIONS = NO;
				ENABLE_STRICT_OBJC_MSGSEND = YES;
				GCC_C_LANGUAGE_STANDARD = gnu11;
				GCC_NO_COMMON_BLOCKS = YES;
				GCC_WARN_64_TO_32_BIT_CONVERSION = YES;
				GCC_WARN_ABOUT_RETURN_TYPE = YES_ERROR;
				GCC_WARN_UNDECLARED_SELECTOR = YES;
				GCC_WARN_UNINITIALIZED_AUTOS = YES_AGGRESSIVE;
				GCC_WARN_UNUSED_FUNCTION = YES;
				GCC_WARN_UNUSED_VARIABLE = YES;
				IPHONEOS_DEPLOYMENT_TARGET = 12.1;
				MTL_ENABLE_DEBUG_INFO = NO;
				MTL_FAST_MATH = YES;
				SDKROOT = iphoneos;
				VALIDATE_PRODUCT = YES;
			};
			name = Release;
		};
		8A15DB08269225A400F1ABE7 /* Debug */ = {
			isa = XCBuildConfiguration;
			buildSettings = {
				ASSETCATALOG_COMPILER_APPICON_NAME = AppIcon;
				CODE_SIGN_STYLE = Automatic;
				INFOPLIST_FILE = Task7/Info.plist;
				LD_RUNPATH_SEARCH_PATHS = (
					"$(inherited)",
					"@executable_path/Frameworks",
				);
				PRODUCT_BUNDLE_IDENTIFIER = com.rsschool;
				PRODUCT_NAME = "$(TARGET_NAME)";
				TARGETED_DEVICE_FAMILY = "1,2";
			};
			name = Debug;
		};
		8A15DB09269225A400F1ABE7 /* Release */ = {
			isa = XCBuildConfiguration;
			buildSettings = {
				ASSETCATALOG_COMPILER_APPICON_NAME = AppIcon;
				CODE_SIGN_STYLE = Automatic;
				INFOPLIST_FILE = Task7/Info.plist;
				LD_RUNPATH_SEARCH_PATHS = (
					"$(inherited)",
					"@executable_path/Frameworks",
				);
				PRODUCT_BUNDLE_IDENTIFIER = com.rsschool;
				PRODUCT_NAME = "$(TARGET_NAME)";
				TARGETED_DEVICE_FAMILY = "1,2";
			};
			name = Release;
		};
/* End XCBuildConfiguration section */

/* Begin XCConfigurationList section */
		8A15DAE9269225A300F1ABE7 /* Build configuration list for PBXProject "rs.ios.stage-task7" */ = {
			isa = XCConfigurationList;
			buildConfigurations = (
				8A15DB05269225A400F1ABE7 /* Debug */,
				8A15DB06269225A400F1ABE7 /* Release */,
			);
			defaultConfigurationIsVisible = 0;
			defaultConfigurationName = Release;
		};
		8A15DB07269225A400F1ABE7 /* Build configuration list for PBXNativeTarget "rs.ios.stage-task7" */ = {
			isa = XCConfigurationList;
			buildConfigurations = (
				8A15DB08269225A400F1ABE7 /* Debug */,
				8A15DB09269225A400F1ABE7 /* Release */,
			);
			defaultConfigurationIsVisible = 0;
			defaultConfigurationName = Release;
		};
/* End XCConfigurationList section */
	};
	rootObject = 8A15DAE6269225A300F1ABE7 /* Project object */;
}
